
Microsoft Visual Studio Solution File, Format Version 11.00
# Visual Studio 2010
Project("{FAE04EC0-301F-11D3-BF4B-00C04F79EFBC}") = "YoutubeToXbmc", "ConsoleApp\YoutubeToXbmc.csproj", "{EEE14553-C16B-48AC-A091-1D083357310B}"
EndProject
Project("{2150E333-8FDC-42A3-9474-1A3956D46DE8}") = "Solution Items", "Solution Items", "{233813B5-8370-4B40-AD96-F34D6C4B13A2}"
	ProjectSection(SolutionItems) = preProject
		README.md = README.md
	EndProjectSection
EndProject
Global
	GlobalSection(SolutionConfigurationPlatforms) = preSolution
		Debug|x86 = Debug|x86
		Release|x86 = Release|x86
	EndGlobalSection
	GlobalSection(ProjectConfigurationPlatforms) = postSolution
		{EEE14553-C16B-48AC-A091-1D083357310B}.Debug|x86.ActiveCfg = Debug|x86
		{EEE14553-C16B-48AC-A091-1D083357310B}.Debug|x86.Build.0 = Debug|x86
		{EEE14553-C16B-48AC-A091-1D083357310B}.Release|x86.ActiveCfg = Release|x86
		{EEE14553-C16B-48AC-A091-1D083357310B}.Release|x86.Build.0 = Release|x86
	EndGlobalSection
	GlobalSection(NestedProjects) = preSolution
	EndGlobalSection
	GlobalSection(MonoDevelopProperties) = preSolution
		StartupItem = SendToYoutube\YoutubeToXbmc.csproj
	EndGlobalSection
EndGlobal
